
Microsoft Visual Studio Solution File, Format Version 12.00
# Visual Studio Version 17
VisualStudioVersion = 17.6.33829.357
MinimumVisualStudioVersion = 10.0.40219.1
Project("{FAE04EC0-301F-11D3-BF4B-00C04F79EFBC}") = "WebAPI", "WebAPI\WebAPI.csproj", "{1868350E-8C1E-4553-A016-360A1BF6D9C1}"
EndProject
Project("{FAE04EC0-301F-11D3-BF4B-00C04F79EFBC}") = "WebAPI.Tests", "WebAPI.Tests\WebAPI.Tests.csproj", "{C146F863-8829-479C-B395-6EDF2C7F428F}"
EndProject
Global
	GlobalSection(SolutionConfigurationPlatforms) = preSolution
		Debug|Any CPU = Debug|Any CPU
		Release|Any CPU = Release|Any CPU
	EndGlobalSection
	GlobalSection(ProjectConfigurationPlatforms) = postSolution
		{1868350E-8C1E-4553-A016-360A1BF6D9C1}.Debug|Any CPU.ActiveCfg = Debug|Any CPU
		{1868350E-8C1E-4553-A016-360A1BF6D9C1}.Debug|Any CPU.Build.0 = Debug|Any CPU
		{1868350E-8C1E-4553-A016-360A1BF6D9C1}.Release|Any CPU.ActiveCfg = Release|Any CPU
		{1868350E-8C1E-4553-A016-360A1BF6D9C1}.Release|Any CPU.Build.0 = Release|Any CPU
		{C146F863-8829-479C-B395-6EDF2C7F428F}.Debug|Any CPU.ActiveCfg = Debug|Any CPU
		{C146F863-8829-479C-B395-6EDF2C7F428F}.Debug|Any CPU.Build.0 = Debug|Any CPU
		{C146F863-8829-479C-B395-6EDF2C7F428F}.Release|Any CPU.ActiveCfg = Release|Any CPU
		{C146F863-8829-479C-B395-6EDF2C7F428F}.Release|Any CPU.Build.0 = Release|Any CPU
	EndGlobalSection
	GlobalSection(SolutionProperties) = preSolution
		HideSolutionNode = FALSE
	EndGlobalSection
	GlobalSection(ExtensibilityGlobals) = postSolution
		SolutionGuid = {D4AA7809-1773-4111-88C0-8C63277541BE}
	EndGlobalSection
EndGlobal
